// !$*UTF8*$!
{
	archiveVersion = 1;
	classes = {
	};
	objectVersion = 56;
	objects = {

/* Begin PBXBuildFile section */
		B60711302B604B4C00C2385C /* PaymeGoalsVC.swift in Sources */ = {isa = PBXBuildFile; fileRef = B607112F2B604B4C00C2385C /* PaymeGoalsVC.swift */; };
		B62C26EB2B562F4E0013F90A /* AppDelegate.swift in Sources */ = {isa = PBXBuildFile; fileRef = B62C26EA2B562F4E0013F90A /* AppDelegate.swift */; };
		B62C26F42B562F4F0013F90A /* Assets.xcassets in Resources */ = {isa = PBXBuildFile; fileRef = B62C26F32B562F4F0013F90A /* Assets.xcassets */; };
		B62C26F72B562F4F0013F90A /* LaunchScreen.storyboard in Resources */ = {isa = PBXBuildFile; fileRef = B62C26F52B562F4F0013F90A /* LaunchScreen.storyboard */; };
		B62C27012B5639180013F90A /* TABVC.swift in Sources */ = {isa = PBXBuildFile; fileRef = B62C27002B5639180013F90A /* TABVC.swift */; };
		B62C27052B563AB40013F90A /* PaymentVC.swift in Sources */ = {isa = PBXBuildFile; fileRef = B62C27042B563AB40013F90A /* PaymentVC.swift */; };
		B62C27072B563AC60013F90A /* TransferVC.swift in Sources */ = {isa = PBXBuildFile; fileRef = B62C27062B563AC60013F90A /* TransferVC.swift */; };
		B62C27092B563AD70013F90A /* ServicesVC.swift in Sources */ = {isa = PBXBuildFile; fileRef = B62C27082B563AD70013F90A /* ServicesVC.swift */; };
		B62C270B2B563AED0013F90A /* CashFlowVC.swift in Sources */ = {isa = PBXBuildFile; fileRef = B62C270A2B563AED0013F90A /* CashFlowVC.swift */; };
		B62D06452B67F24C001EF468 /* TransferPresenter.swift in Sources */ = {isa = PBXBuildFile; fileRef = B62D06442B67F24C001EF468 /* TransferPresenter.swift */; };
		B64D4B422B581F1B0008A904 /* ServicesCell.swift in Sources */ = {isa = PBXBuildFile; fileRef = B64D4B412B581F1B0008A904 /* ServicesCell.swift */; };
		B65010E32B838838004579CF /* HomeFinanceServicesCell.swift in Sources */ = {isa = PBXBuildFile; fileRef = B65010E22B838838004579CF /* HomeFinanceServicesCell.swift */; };
		B65010E72B83885F004579CF /* HomeAdsCell.swift in Sources */ = {isa = PBXBuildFile; fileRef = B65010E62B83885F004579CF /* HomeAdsCell.swift */; };
		B65010E92B838873004579CF /* HomeLastPaymentsCell.swift in Sources */ = {isa = PBXBuildFile; fileRef = B65010E82B838873004579CF /* HomeLastPaymentsCell.swift */; };
		B65010EB2B83A2E1004579CF /* BalanceHeader.swift in Sources */ = {isa = PBXBuildFile; fileRef = B65010EA2B83A2E1004579CF /* BalanceHeader.swift */; };
		B65010ED2B83ABE3004579CF /* BackgroundColor.swift in Sources */ = {isa = PBXBuildFile; fileRef = B65010EC2B83ABE3004579CF /* BackgroundColor.swift */; };
		B65010EF2B83B157004579CF /* UIStackView.swift in Sources */ = {isa = PBXBuildFile; fileRef = B65010EE2B83B157004579CF /* UIStackView.swift */; };
		B651F3752B63E51900084DC7 /* CashFlowSettingsView.swift in Sources */ = {isa = PBXBuildFile; fileRef = B651F3742B63E51900084DC7 /* CashFlowSettingsView.swift */; };
		B651F3772B63F2D700084DC7 /* TicketsView.swift in Sources */ = {isa = PBXBuildFile; fileRef = B651F3762B63F2D700084DC7 /* TicketsView.swift */; };
		B651F3792B63F2E100084DC7 /* TicketsVC.swift in Sources */ = {isa = PBXBuildFile; fileRef = B651F3782B63F2E100084DC7 /* TicketsVC.swift */; };
		B65542462B67B86F007A9D49 /* TransferView.swift in Sources */ = {isa = PBXBuildFile; fileRef = B65542452B67B86F007A9D49 /* TransferView.swift */; };
		B65542482B67C565007A9D49 /* CollectionCell.swift in Sources */ = {isa = PBXBuildFile; fileRef = B65542472B67C565007A9D49 /* CollectionCell.swift */; };
		B6741EEB2B8DEF5900E38C0D /* PaymentsBalanceReusableView.swift in Sources */ = {isa = PBXBuildFile; fileRef = B6741EEA2B8DEF5900E38C0D /* PaymentsBalanceReusableView.swift */; };
		B6743D4B2B6A9E8D00925E8E /* ShowAllReceiversVC.swift in Sources */ = {isa = PBXBuildFile; fileRef = B6743D4A2B6A9E8D00925E8E /* ShowAllReceiversVC.swift */; };
		B6743D4D2B6A9E9700925E8E /* ShowAllView.swift in Sources */ = {isa = PBXBuildFile; fileRef = B6743D4C2B6A9E9700925E8E /* ShowAllView.swift */; };
		B6743D4F2B6AA0F300925E8E /* ShowAllPresenter.swift in Sources */ = {isa = PBXBuildFile; fileRef = B6743D4E2B6AA0F300925E8E /* ShowAllPresenter.swift */; };
		B6743D522B6AA47700925E8E /* CashFlowModels.swift in Sources */ = {isa = PBXBuildFile; fileRef = B6743D512B6AA47700925E8E /* CashFlowModels.swift */; };
		B6743D572B6AA63F00925E8E /* MainButton.swift in Sources */ = {isa = PBXBuildFile; fileRef = B6743D562B6AA63F00925E8E /* MainButton.swift */; };
		B67571CB2B6D0D6B000F1C75 /* ShowAllCell.swift in Sources */ = {isa = PBXBuildFile; fileRef = B67571CA2B6D0D6B000F1C75 /* ShowAllCell.swift */; };
		B68B35A72B7130E4004A9249 /* ExchangeCurrencyVC.swift in Sources */ = {isa = PBXBuildFile; fileRef = B68B35A62B7130E4004A9249 /* ExchangeCurrencyVC.swift */; };
		B68B35A92B713112004A9249 /* ExchangeCurrencyView.swift in Sources */ = {isa = PBXBuildFile; fileRef = B68B35A82B713112004A9249 /* ExchangeCurrencyView.swift */; };
		B690B0DC2B644549002195E8 /* PaymentsView.swift in Sources */ = {isa = PBXBuildFile; fileRef = B690B0DB2B644549002195E8 /* PaymentsView.swift */; };
		B690B0DE2B64486D002195E8 /* SavedPaymentsCell.swift in Sources */ = {isa = PBXBuildFile; fileRef = B690B0DD2B64486D002195E8 /* SavedPaymentsCell.swift */; };
		B690B0E02B644D0A002195E8 /* PaymentsPresenter.swift in Sources */ = {isa = PBXBuildFile; fileRef = B690B0DF2B644D0A002195E8 /* PaymentsPresenter.swift */; };
		B69236EB2B63DF3600AA3942 /* PaymeGoalsView.swift in Sources */ = {isa = PBXBuildFile; fileRef = B69236EA2B63DF3600AA3942 /* PaymeGoalsView.swift */; };
		B69236EE2B63E08800AA3942 /* RemindersView.swift in Sources */ = {isa = PBXBuildFile; fileRef = B69236ED2B63E08800AA3942 /* RemindersView.swift */; };
		B6A21C512B611BAB00D328F3 /* Color.swift in Sources */ = {isa = PBXBuildFile; fileRef = B6A21C502B611BAB00D328F3 /* Color.swift */; };
		B6A21C5B2B611FB800D328F3 /* HomeVC.swift in Sources */ = {isa = PBXBuildFile; fileRef = B6A21C5A2B611FB800D328F3 /* HomeVC.swift */; };
		B6A21C5D2B61205200D328F3 /* HomeView.swift in Sources */ = {isa = PBXBuildFile; fileRef = B6A21C5C2B61205200D328F3 /* HomeView.swift */; };
		B6A21C5F2B612F3200D328F3 /* HomePresenter.swift in Sources */ = {isa = PBXBuildFile; fileRef = B6A21C5E2B612F3200D328F3 /* HomePresenter.swift */; };
		B6A21C622B612F5C00D328F3 /* HomeBalanceReusableView.swift in Sources */ = {isa = PBXBuildFile; fileRef = B6A21C612B612F5C00D328F3 /* HomeBalanceReusableView.swift */; };
		B6A21C642B61470C00D328F3 /* CheckVC.swift in Sources */ = {isa = PBXBuildFile; fileRef = B6A21C632B61470C00D328F3 /* CheckVC.swift */; };
		B6A21C662B615BE700D328F3 /* StateServices.swift in Sources */ = {isa = PBXBuildFile; fileRef = B6A21C652B615BE700D328F3 /* StateServices.swift */; };
		B6A21C682B6161DE00D328F3 /* StateServicesCell.swift in Sources */ = {isa = PBXBuildFile; fileRef = B6A21C672B6161DE00D328F3 /* StateServicesCell.swift */; };
		B6A21C6A2B61723300D328F3 /* RemindersVC.swift in Sources */ = {isa = PBXBuildFile; fileRef = B6A21C692B61723300D328F3 /* RemindersVC.swift */; };
		B6A21C6C2B61724400D328F3 /* CashFlowSettingsVC.swift in Sources */ = {isa = PBXBuildFile; fileRef = B6A21C6B2B61724400D328F3 /* CashFlowSettingsVC.swift */; };
		B6BF82BA2B5EB437001B8D1A /* CashFlowHeaderView.swift in Sources */ = {isa = PBXBuildFile; fileRef = B6BF82B92B5EB437001B8D1A /* CashFlowHeaderView.swift */; };
		B6DF22D82B7B38E8000D8C23 /* PaymentsCell.swift in Sources */ = {isa = PBXBuildFile; fileRef = B6DF22D72B7B38E8000D8C23 /* PaymentsCell.swift */; };
		B6DF22DB2B7B3901000D8C23 /* MyHomeCell.swift in Sources */ = {isa = PBXBuildFile; fileRef = B6DF22DA2B7B3901000D8C23 /* MyHomeCell.swift */; };
		B6DF22DD2B7B391B000D8C23 /* PaymentsInPlacesCell.swift in Sources */ = {isa = PBXBuildFile; fileRef = B6DF22DC2B7B391B000D8C23 /* PaymentsInPlacesCell.swift */; };
		B6DF22DF2B7E4671000D8C23 /* PaymentSavedPaymentsCell.swift in Sources */ = {isa = PBXBuildFile; fileRef = B6DF22DE2B7E4671000D8C23 /* PaymentSavedPaymentsCell.swift */; };
		B6F41C082B8C9E6B0089C5B9 /* BalanceHeaderCell.swift in Sources */ = {isa = PBXBuildFile; fileRef = B6F41C072B8C9E6B0089C5B9 /* BalanceHeaderCell.swift */; };
		B6F41C0A2B8CA25F0089C5B9 /* LabelPlusButton.swift in Sources */ = {isa = PBXBuildFile; fileRef = B6F41C092B8CA25F0089C5B9 /* LabelPlusButton.swift */; };
		B6F8F6DD2B5BD720004977D2 /* CashFlowCell.swift in Sources */ = {isa = PBXBuildFile; fileRef = B6F8F6DC2B5BD720004977D2 /* CashFlowCell.swift */; };
		B6FF9D082B62E2DE005DF1E7 /* ServicesView.swift in Sources */ = {isa = PBXBuildFile; fileRef = B6FF9D072B62E2DE005DF1E7 /* ServicesView.swift */; };
		B6FF9D0A2B62E5CD005DF1E7 /* ServicesPresenter.swift in Sources */ = {isa = PBXBuildFile; fileRef = B6FF9D092B62E5CD005DF1E7 /* ServicesPresenter.swift */; };
		B6FF9D0C2B62EC3F005DF1E7 /* CashFlowView.swift in Sources */ = {isa = PBXBuildFile; fileRef = B6FF9D0B2B62EC3F005DF1E7 /* CashFlowView.swift */; };
		B6FF9D0E2B62EC4E005DF1E7 /* CashFlowPresenter.swift in Sources */ = {isa = PBXBuildFile; fileRef = B6FF9D0D2B62EC4E005DF1E7 /* CashFlowPresenter.swift */; };
/* End PBXBuildFile section */

/* Begin PBXFileReference section */
		B607112F2B604B4C00C2385C /* PaymeGoalsVC.swift */ = {isa = PBXFileReference; lastKnownFileType = sourcecode.swift; path = PaymeGoalsVC.swift; sourceTree = "<group>"; };
		B62C26E72B562F4E0013F90A /* Payme.app */ = {isa = PBXFileReference; explicitFileType = wrapper.application; includeInIndex = 0; path = Payme.app; sourceTree = BUILT_PRODUCTS_DIR; };
		B62C26EA2B562F4E0013F90A /* AppDelegate.swift */ = {isa = PBXFileReference; lastKnownFileType = sourcecode.swift; path = AppDelegate.swift; sourceTree = "<group>"; };
		B62C26F32B562F4F0013F90A /* Assets.xcassets */ = {isa = PBXFileReference; lastKnownFileType = folder.assetcatalog; path = Assets.xcassets; sourceTree = "<group>"; };
		B62C26F62B562F4F0013F90A /* Base */ = {isa = PBXFileReference; lastKnownFileType = file.storyboard; name = Base; path = Base.lproj/LaunchScreen.storyboard; sourceTree = "<group>"; };
		B62C26F82B562F4F0013F90A /* Info.plist */ = {isa = PBXFileReference; lastKnownFileType = text.plist.xml; path = Info.plist; sourceTree = "<group>"; };
		B62C27002B5639180013F90A /* TABVC.swift */ = {isa = PBXFileReference; lastKnownFileType = sourcecode.swift; path = TABVC.swift; sourceTree = "<group>"; };
		B62C27042B563AB40013F90A /* PaymentVC.swift */ = {isa = PBXFileReference; lastKnownFileType = sourcecode.swift; path = PaymentVC.swift; sourceTree = "<group>"; };
		B62C27062B563AC60013F90A /* TransferVC.swift */ = {isa = PBXFileReference; lastKnownFileType = sourcecode.swift; path = TransferVC.swift; sourceTree = "<group>"; };
		B62C27082B563AD70013F90A /* ServicesVC.swift */ = {isa = PBXFileReference; lastKnownFileType = sourcecode.swift; path = ServicesVC.swift; sourceTree = "<group>"; };
		B62C270A2B563AED0013F90A /* CashFlowVC.swift */ = {isa = PBXFileReference; lastKnownFileType = sourcecode.swift; path = CashFlowVC.swift; sourceTree = "<group>"; };
		B62D06442B67F24C001EF468 /* TransferPresenter.swift */ = {isa = PBXFileReference; lastKnownFileType = sourcecode.swift; path = TransferPresenter.swift; sourceTree = "<group>"; };
		B64D4B412B581F1B0008A904 /* ServicesCell.swift */ = {isa = PBXFileReference; lastKnownFileType = sourcecode.swift; path = ServicesCell.swift; sourceTree = "<group>"; };
		B65010E22B838838004579CF /* HomeFinanceServicesCell.swift */ = {isa = PBXFileReference; lastKnownFileType = sourcecode.swift; path = HomeFinanceServicesCell.swift; sourceTree = "<group>"; };
		B65010E62B83885F004579CF /* HomeAdsCell.swift */ = {isa = PBXFileReference; lastKnownFileType = sourcecode.swift; path = HomeAdsCell.swift; sourceTree = "<group>"; };
		B65010E82B838873004579CF /* HomeLastPaymentsCell.swift */ = {isa = PBXFileReference; lastKnownFileType = sourcecode.swift; path = HomeLastPaymentsCell.swift; sourceTree = "<group>"; };
		B65010EA2B83A2E1004579CF /* BalanceHeader.swift */ = {isa = PBXFileReference; lastKnownFileType = sourcecode.swift; path = BalanceHeader.swift; sourceTree = "<group>"; };
		B65010EC2B83ABE3004579CF /* BackgroundColor.swift */ = {isa = PBXFileReference; lastKnownFileType = sourcecode.swift; path = BackgroundColor.swift; sourceTree = "<group>"; };
		B65010EE2B83B157004579CF /* UIStackView.swift */ = {isa = PBXFileReference; lastKnownFileType = sourcecode.swift; path = UIStackView.swift; sourceTree = "<group>"; };
		B651F3742B63E51900084DC7 /* CashFlowSettingsView.swift */ = {isa = PBXFileReference; lastKnownFileType = sourcecode.swift; path = CashFlowSettingsView.swift; sourceTree = "<group>"; };
		B651F3762B63F2D700084DC7 /* TicketsView.swift */ = {isa = PBXFileReference; lastKnownFileType = sourcecode.swift; path = TicketsView.swift; sourceTree = "<group>"; };
		B651F3782B63F2E100084DC7 /* TicketsVC.swift */ = {isa = PBXFileReference; lastKnownFileType = sourcecode.swift; path = TicketsVC.swift; sourceTree = "<group>"; };
		B65542452B67B86F007A9D49 /* TransferView.swift */ = {isa = PBXFileReference; lastKnownFileType = sourcecode.swift; path = TransferView.swift; sourceTree = "<group>"; };
		B65542472B67C565007A9D49 /* CollectionCell.swift */ = {isa = PBXFileReference; lastKnownFileType = sourcecode.swift; path = CollectionCell.swift; sourceTree = "<group>"; };
		B6741EEA2B8DEF5900E38C0D /* PaymentsBalanceReusableView.swift */ = {isa = PBXFileReference; lastKnownFileType = sourcecode.swift; path = PaymentsBalanceReusableView.swift; sourceTree = "<group>"; };
		B6743D4A2B6A9E8D00925E8E /* ShowAllReceiversVC.swift */ = {isa = PBXFileReference; lastKnownFileType = sourcecode.swift; path = ShowAllReceiversVC.swift; sourceTree = "<group>"; };
		B6743D4C2B6A9E9700925E8E /* ShowAllView.swift */ = {isa = PBXFileReference; lastKnownFileType = sourcecode.swift; path = ShowAllView.swift; sourceTree = "<group>"; };
		B6743D4E2B6AA0F300925E8E /* ShowAllPresenter.swift */ = {isa = PBXFileReference; lastKnownFileType = sourcecode.swift; path = ShowAllPresenter.swift; sourceTree = "<group>"; };
		B6743D512B6AA47700925E8E /* CashFlowModels.swift */ = {isa = PBXFileReference; lastKnownFileType = sourcecode.swift; path = CashFlowModels.swift; sourceTree = "<group>"; };
		B6743D562B6AA63F00925E8E /* MainButton.swift */ = {isa = PBXFileReference; lastKnownFileType = sourcecode.swift; path = MainButton.swift; sourceTree = "<group>"; };
		B67571CA2B6D0D6B000F1C75 /* ShowAllCell.swift */ = {isa = PBXFileReference; lastKnownFileType = sourcecode.swift; path = ShowAllCell.swift; sourceTree = "<group>"; };
		B68B35A62B7130E4004A9249 /* ExchangeCurrencyVC.swift */ = {isa = PBXFileReference; lastKnownFileType = sourcecode.swift; path = ExchangeCurrencyVC.swift; sourceTree = "<group>"; };
		B68B35A82B713112004A9249 /* ExchangeCurrencyView.swift */ = {isa = PBXFileReference; lastKnownFileType = sourcecode.swift; path = ExchangeCurrencyView.swift; sourceTree = "<group>"; };
		B690B0DB2B644549002195E8 /* PaymentsView.swift */ = {isa = PBXFileReference; lastKnownFileType = sourcecode.swift; path = PaymentsView.swift; sourceTree = "<group>"; };
		B690B0DD2B64486D002195E8 /* SavedPaymentsCell.swift */ = {isa = PBXFileReference; lastKnownFileType = sourcecode.swift; path = SavedPaymentsCell.swift; sourceTree = "<group>"; };
		B690B0DF2B644D0A002195E8 /* PaymentsPresenter.swift */ = {isa = PBXFileReference; lastKnownFileType = sourcecode.swift; path = PaymentsPresenter.swift; sourceTree = "<group>"; };
		B69236EA2B63DF3600AA3942 /* PaymeGoalsView.swift */ = {isa = PBXFileReference; lastKnownFileType = sourcecode.swift; path = PaymeGoalsView.swift; sourceTree = "<group>"; };
		B69236ED2B63E08800AA3942 /* RemindersView.swift */ = {isa = PBXFileReference; lastKnownFileType = sourcecode.swift; path = RemindersView.swift; sourceTree = "<group>"; };
		B6A21C502B611BAB00D328F3 /* Color.swift */ = {isa = PBXFileReference; lastKnownFileType = sourcecode.swift; path = Color.swift; sourceTree = "<group>"; };
		B6A21C5A2B611FB800D328F3 /* HomeVC.swift */ = {isa = PBXFileReference; lastKnownFileType = sourcecode.swift; path = HomeVC.swift; sourceTree = "<group>"; };
		B6A21C5C2B61205200D328F3 /* HomeView.swift */ = {isa = PBXFileReference; lastKnownFileType = sourcecode.swift; path = HomeView.swift; sourceTree = "<group>"; };
		B6A21C5E2B612F3200D328F3 /* HomePresenter.swift */ = {isa = PBXFileReference; lastKnownFileType = sourcecode.swift; path = HomePresenter.swift; sourceTree = "<group>"; };
		B6A21C612B612F5C00D328F3 /* HomeBalanceReusableView.swift */ = {isa = PBXFileReference; lastKnownFileType = sourcecode.swift; path = HomeBalanceReusableView.swift; sourceTree = "<group>"; };
		B6A21C632B61470C00D328F3 /* CheckVC.swift */ = {isa = PBXFileReference; lastKnownFileType = sourcecode.swift; path = CheckVC.swift; sourceTree = "<group>"; };
		B6A21C652B615BE700D328F3 /* StateServices.swift */ = {isa = PBXFileReference; lastKnownFileType = sourcecode.swift; path = StateServices.swift; sourceTree = "<group>"; };
		B6A21C672B6161DE00D328F3 /* StateServicesCell.swift */ = {isa = PBXFileReference; lastKnownFileType = sourcecode.swift; path = StateServicesCell.swift; sourceTree = "<group>"; };
		B6A21C692B61723300D328F3 /* RemindersVC.swift */ = {isa = PBXFileReference; lastKnownFileType = sourcecode.swift; path = RemindersVC.swift; sourceTree = "<group>"; };
		B6A21C6B2B61724400D328F3 /* CashFlowSettingsVC.swift */ = {isa = PBXFileReference; lastKnownFileType = sourcecode.swift; path = CashFlowSettingsVC.swift; sourceTree = "<group>"; };
		B6BF82B92B5EB437001B8D1A /* CashFlowHeaderView.swift */ = {isa = PBXFileReference; lastKnownFileType = sourcecode.swift; path = CashFlowHeaderView.swift; sourceTree = "<group>"; };
		B6DF22D72B7B38E8000D8C23 /* PaymentsCell.swift */ = {isa = PBXFileReference; lastKnownFileType = sourcecode.swift; path = PaymentsCell.swift; sourceTree = "<group>"; };
		B6DF22DA2B7B3901000D8C23 /* MyHomeCell.swift */ = {isa = PBXFileReference; lastKnownFileType = sourcecode.swift; path = MyHomeCell.swift; sourceTree = "<group>"; };
		B6DF22DC2B7B391B000D8C23 /* PaymentsInPlacesCell.swift */ = {isa = PBXFileReference; lastKnownFileType = sourcecode.swift; path = PaymentsInPlacesCell.swift; sourceTree = "<group>"; };
		B6DF22DE2B7E4671000D8C23 /* PaymentSavedPaymentsCell.swift */ = {isa = PBXFileReference; lastKnownFileType = sourcecode.swift; path = PaymentSavedPaymentsCell.swift; sourceTree = "<group>"; };
		B6F41C072B8C9E6B0089C5B9 /* BalanceHeaderCell.swift */ = {isa = PBXFileReference; lastKnownFileType = sourcecode.swift; path = BalanceHeaderCell.swift; sourceTree = "<group>"; };
		B6F41C092B8CA25F0089C5B9 /* LabelPlusButton.swift */ = {isa = PBXFileReference; lastKnownFileType = sourcecode.swift; path = LabelPlusButton.swift; sourceTree = "<group>"; };
		B6F8F6DC2B5BD720004977D2 /* CashFlowCell.swift */ = {isa = PBXFileReference; lastKnownFileType = sourcecode.swift; path = CashFlowCell.swift; sourceTree = "<group>"; };
		B6FF9D072B62E2DE005DF1E7 /* ServicesView.swift */ = {isa = PBXFileReference; lastKnownFileType = sourcecode.swift; path = ServicesView.swift; sourceTree = "<group>"; };
		B6FF9D092B62E5CD005DF1E7 /* ServicesPresenter.swift */ = {isa = PBXFileReference; lastKnownFileType = sourcecode.swift; path = ServicesPresenter.swift; sourceTree = "<group>"; };
		B6FF9D0B2B62EC3F005DF1E7 /* CashFlowView.swift */ = {isa = PBXFileReference; lastKnownFileType = sourcecode.swift; path = CashFlowView.swift; sourceTree = "<group>"; };
		B6FF9D0D2B62EC4E005DF1E7 /* CashFlowPresenter.swift */ = {isa = PBXFileReference; lastKnownFileType = sourcecode.swift; name = CashFlowPresenter.swift; path = Presenters/CashFlowPresenter.swift; sourceTree = "<group>"; };
/* End PBXFileReference section */

/* Begin PBXFrameworksBuildPhase section */
		B62C26E42B562F4E0013F90A /* Frameworks */ = {
			isa = PBXFrameworksBuildPhase;
			buildActionMask = 2147483647;
			files = (
			);
			runOnlyForDeploymentPostprocessing = 0;
		};
/* End PBXFrameworksBuildPhase section */

/* Begin PBXGroup section */
		B607112E2B604AE700C2385C /* ElementsOfServicesVC */ = {
			isa = PBXGroup;
			children = (
				B607112F2B604B4C00C2385C /* PaymeGoalsVC.swift */,
				B6A21C652B615BE700D328F3 /* StateServices.swift */,
				B6A21C692B61723300D328F3 /* RemindersVC.swift */,
				B6A21C6B2B61724400D328F3 /* CashFlowSettingsVC.swift */,
				B651F3782B63F2E100084DC7 /* TicketsVC.swift */,
			);
			path = ElementsOfServicesVC;
			sourceTree = "<group>";
		};
		B62C26DE2B562F4D0013F90A = {
			isa = PBXGroup;
			children = (
				B62C26E92B562F4E0013F90A /* Payme */,
				B62C26E82B562F4E0013F90A /* Products */,
			);
			sourceTree = "<group>";
		};
		B62C26E82B562F4E0013F90A /* Products */ = {
			isa = PBXGroup;
			children = (
				B62C26E72B562F4E0013F90A /* Payme.app */,
			);
			name = Products;
			sourceTree = "<group>";
		};
		B62C26E92B562F4E0013F90A /* Payme */ = {
			isa = PBXGroup;
			children = (
				B6A21C522B611D3D00D328F3 /* Base */,
				B6A21C4F2B611B8100D328F3 /* Extensions */,
				B6A21C532B611D5900D328F3 /* Screens */,
				B62C27002B5639180013F90A /* TABVC.swift */,
				B62C26F32B562F4F0013F90A /* Assets.xcassets */,
				B62C26F52B562F4F0013F90A /* LaunchScreen.storyboard */,
				B62C26F82B562F4F0013F90A /* Info.plist */,
			);
			path = Payme;
			sourceTree = "<group>";
		};
		B65010D92B8387BC004579CF /* Cells */ = {
			isa = PBXGroup;
			children = (
				B65010E22B838838004579CF /* HomeFinanceServicesCell.swift */,
				B65010E62B83885F004579CF /* HomeAdsCell.swift */,
				B65010E82B838873004579CF /* HomeLastPaymentsCell.swift */,
			);
			path = Cells;
			sourceTree = "<group>";
		};
		B6743D492B6A9E5300925E8E /* TransferSubviews */ = {
			isa = PBXGroup;
			children = (
				B68B35A42B7130B9004A9249 /* Exchange */,
				B6743D4A2B6A9E8D00925E8E /* ShowAllReceiversVC.swift */,
				B6743D4C2B6A9E9700925E8E /* ShowAllView.swift */,
				B6743D4E2B6AA0F300925E8E /* ShowAllPresenter.swift */,
				B67571CA2B6D0D6B000F1C75 /* ShowAllCell.swift */,
			);
			path = TransferSubviews;
			sourceTree = "<group>";
		};
		B6743D502B6AA46E00925E8E /* Models */ = {
			isa = PBXGroup;
			children = (
				B6743D512B6AA47700925E8E /* CashFlowModels.swift */,
			);
			path = Models;
			sourceTree = "<group>";
		};
		B6743D532B6AA4AD00925E8E /* Check */ = {
			isa = PBXGroup;
			children = (
				B6A21C632B61470C00D328F3 /* CheckVC.swift */,
			);
			path = Check;
			sourceTree = "<group>";
		};
		B68B35A42B7130B9004A9249 /* Exchange */ = {
			isa = PBXGroup;
			children = (
				B68B35A62B7130E4004A9249 /* ExchangeCurrencyVC.swift */,
				B68B35A82B713112004A9249 /* ExchangeCurrencyView.swift */,
			);
			path = Exchange;
			sourceTree = "<group>";
		};
		B69236E92B63DF1B00AA3942 /* Views */ = {
			isa = PBXGroup;
			children = (
				B6FF9D072B62E2DE005DF1E7 /* ServicesView.swift */,
				B69236EA2B63DF3600AA3942 /* PaymeGoalsView.swift */,
				B69236ED2B63E08800AA3942 /* RemindersView.swift */,
				B651F3742B63E51900084DC7 /* CashFlowSettingsView.swift */,
				B651F3762B63F2D700084DC7 /* TicketsView.swift */,
			);
			path = Views;
			sourceTree = "<group>";
		};
		B69236EC2B63E05800AA3942 /* Cells */ = {
			isa = PBXGroup;
			children = (
				B64D4B412B581F1B0008A904 /* ServicesCell.swift */,
				B6A21C672B6161DE00D328F3 /* StateServicesCell.swift */,
			);
			path = Cells;
			sourceTree = "<group>";
		};
		B69236EF2B63E1A700AA3942 /* Presenters */ = {
			isa = PBXGroup;
			children = (
				B6FF9D092B62E5CD005DF1E7 /* ServicesPresenter.swift */,
			);
			path = Presenters;
			sourceTree = "<group>";
		};
		B69236F02B63E1D300AA3942 /* Views */ = {
			isa = PBXGroup;
			children = (
				B6FF9D0B2B62EC3F005DF1E7 /* CashFlowView.swift */,
				B6F8F6DC2B5BD720004977D2 /* CashFlowCell.swift */,
				B6BF82B92B5EB437001B8D1A /* CashFlowHeaderView.swift */,
			);
			path = Views;
			sourceTree = "<group>";
		};
		B69236F12B63E1E900AA3942 /* Presenters */ = {
			isa = PBXGroup;
			children = (
			);
			path = Presenters;
			sourceTree = "<group>";
		};
		B6A21C4F2B611B8100D328F3 /* Extensions */ = {
			isa = PBXGroup;
			children = (
				B6A21C502B611BAB00D328F3 /* Color.swift */,
				B65010EE2B83B157004579CF /* UIStackView.swift */,
			);
			path = Extensions;
			sourceTree = "<group>";
		};
		B6A21C522B611D3D00D328F3 /* Base */ = {
			isa = PBXGroup;
			children = (
				B62C26EA2B562F4E0013F90A /* AppDelegate.swift */,
			);
			path = Base;
			sourceTree = "<group>";
		};
		B6A21C532B611D5900D328F3 /* Screens */ = {
			isa = PBXGroup;
			children = (
				B6A21C542B611D8E00D328F3 /* Home */,
				B6A21C552B611DBA00D328F3 /* Transfer */,
				B6A21C582B611E7800D328F3 /* CashFlow */,
				B6F8F6DB2B5BC2FB004977D2 /* Services */,
				B6A21C562B611DD500D328F3 /* Payment */,
			);
			path = Screens;
			sourceTree = "<group>";
		};
		B6A21C542B611D8E00D328F3 /* Home */ = {
			isa = PBXGroup;
			children = (
				B65010D92B8387BC004579CF /* Cells */,
				B6A21C602B612F3800D328F3 /* HomeSubViews */,
				B6A21C5A2B611FB800D328F3 /* HomeVC.swift */,
				B6A21C5C2B61205200D328F3 /* HomeView.swift */,
				B6A21C5E2B612F3200D328F3 /* HomePresenter.swift */,
				B65010EC2B83ABE3004579CF /* BackgroundColor.swift */,
			);
			path = Home;
			sourceTree = "<group>";
		};
		B6A21C552B611DBA00D328F3 /* Transfer */ = {
			isa = PBXGroup;
			children = (
				B6743D492B6A9E5300925E8E /* TransferSubviews */,
				B62C27062B563AC60013F90A /* TransferVC.swift */,
				B62D06442B67F24C001EF468 /* TransferPresenter.swift */,
				B65542452B67B86F007A9D49 /* TransferView.swift */,
				B65542472B67C565007A9D49 /* CollectionCell.swift */,
			);
			path = Transfer;
			sourceTree = "<group>";
		};
		B6A21C562B611DD500D328F3 /* Payment */ = {
			isa = PBXGroup;
			children = (
				B6DF22D42B7B38C6000D8C23 /* Cells */,
				B62C27042B563AB40013F90A /* PaymentVC.swift */,
				B690B0DB2B644549002195E8 /* PaymentsView.swift */,
				B690B0DF2B644D0A002195E8 /* PaymentsPresenter.swift */,
				B690B0DD2B64486D002195E8 /* SavedPaymentsCell.swift */,
				B6741EEA2B8DEF5900E38C0D /* PaymentsBalanceReusableView.swift */,
			);
			path = Payment;
			sourceTree = "<group>";
		};
		B6A21C582B611E7800D328F3 /* CashFlow */ = {
			isa = PBXGroup;
			children = (
				B6743D532B6AA4AD00925E8E /* Check */,
				B6743D502B6AA46E00925E8E /* Models */,
				B69236F12B63E1E900AA3942 /* Presenters */,
				B69236F02B63E1D300AA3942 /* Views */,
				B62C270A2B563AED0013F90A /* CashFlowVC.swift */,
				B6FF9D0D2B62EC4E005DF1E7 /* CashFlowPresenter.swift */,
			);
			path = CashFlow;
			sourceTree = "<group>";
		};
		B6A21C602B612F3800D328F3 /* HomeSubViews */ = {
			isa = PBXGroup;
			children = (
				B6A21C612B612F5C00D328F3 /* HomeBalanceReusableView.swift */,
				B6743D562B6AA63F00925E8E /* MainButton.swift */,
				B65010EA2B83A2E1004579CF /* BalanceHeader.swift */,
				B6F41C072B8C9E6B0089C5B9 /* BalanceHeaderCell.swift */,
				B6F41C092B8CA25F0089C5B9 /* LabelPlusButton.swift */,
			);
			path = HomeSubViews;
			sourceTree = "<group>";
		};
		B6DF22D42B7B38C6000D8C23 /* Cells */ = {
			isa = PBXGroup;
			children = (
				B6DF22DE2B7E4671000D8C23 /* PaymentSavedPaymentsCell.swift */,
				B6DF22D72B7B38E8000D8C23 /* PaymentsCell.swift */,
				B6DF22DA2B7B3901000D8C23 /* MyHomeCell.swift */,
				B6DF22DC2B7B391B000D8C23 /* PaymentsInPlacesCell.swift */,
			);
			path = Cells;
			sourceTree = "<group>";
		};
		B6F8F6DB2B5BC2FB004977D2 /* Services */ = {
			isa = PBXGroup;
			children = (
				B62C27082B563AD70013F90A /* ServicesVC.swift */,
				B69236EF2B63E1A700AA3942 /* Presenters */,
				B69236EC2B63E05800AA3942 /* Cells */,
				B69236E92B63DF1B00AA3942 /* Views */,
				B607112E2B604AE700C2385C /* ElementsOfServicesVC */,
			);
			path = Services;
			sourceTree = "<group>";
		};
/* End PBXGroup section */

/* Begin PBXNativeTarget section */
		B62C26E62B562F4E0013F90A /* Payme */ = {
			isa = PBXNativeTarget;
			buildConfigurationList = B62C26FB2B562F4F0013F90A /* Build configuration list for PBXNativeTarget "Payme" */;
			buildPhases = (
				B62C26E32B562F4E0013F90A /* Sources */,
				B62C26E42B562F4E0013F90A /* Frameworks */,
				B62C26E52B562F4E0013F90A /* Resources */,
			);
			buildRules = (
			);
			dependencies = (
			);
			name = Payme;
			productName = Payme;
			productReference = B62C26E72B562F4E0013F90A /* Payme.app */;
			productType = "com.apple.product-type.application";
		};
/* End PBXNativeTarget section */

/* Begin PBXProject section */
		B62C26DF2B562F4D0013F90A /* Project object */ = {
			isa = PBXProject;
			attributes = {
				BuildIndependentTargetsInParallel = 1;
				LastSwiftUpdateCheck = 1520;
				LastUpgradeCheck = 1520;
				TargetAttributes = {
					B62C26E62B562F4E0013F90A = {
						CreatedOnToolsVersion = 15.2;
					};
				};
			};
			buildConfigurationList = B62C26E22B562F4D0013F90A /* Build configuration list for PBXProject "Payme" */;
			compatibilityVersion = "Xcode 14.0";
			developmentRegion = en;
			hasScannedForEncodings = 0;
			knownRegions = (
				en,
				Base,
			);
			mainGroup = B62C26DE2B562F4D0013F90A;
			productRefGroup = B62C26E82B562F4E0013F90A /* Products */;
			projectDirPath = "";
			projectRoot = "";
			targets = (
				B62C26E62B562F4E0013F90A /* Payme */,
			);
		};
/* End PBXProject section */

/* Begin PBXResourcesBuildPhase section */
		B62C26E52B562F4E0013F90A /* Resources */ = {
			isa = PBXResourcesBuildPhase;
			buildActionMask = 2147483647;
			files = (
				B62C26F72B562F4F0013F90A /* LaunchScreen.storyboard in Resources */,
				B62C26F42B562F4F0013F90A /* Assets.xcassets in Resources */,
			);
			runOnlyForDeploymentPostprocessing = 0;
		};
/* End PBXResourcesBuildPhase section */

/* Begin PBXSourcesBuildPhase section */
		B62C26E32B562F4E0013F90A /* Sources */ = {
			isa = PBXSourcesBuildPhase;
			buildActionMask = 2147483647;
			files = (
				B67571CB2B6D0D6B000F1C75 /* ShowAllCell.swift in Sources */,
				B6FF9D0C2B62EC3F005DF1E7 /* CashFlowView.swift in Sources */,
				B6743D522B6AA47700925E8E /* CashFlowModels.swift in Sources */,
				B60711302B604B4C00C2385C /* PaymeGoalsVC.swift in Sources */,
				B62D06452B67F24C001EF468 /* TransferPresenter.swift in Sources */,
				B6743D572B6AA63F00925E8E /* MainButton.swift in Sources */,
				B68B35A72B7130E4004A9249 /* ExchangeCurrencyVC.swift in Sources */,
				B6743D4D2B6A9E9700925E8E /* ShowAllView.swift in Sources */,
				B62C27092B563AD70013F90A /* ServicesVC.swift in Sources */,
				B6741EEB2B8DEF5900E38C0D /* PaymentsBalanceReusableView.swift in Sources */,
				B6A21C5D2B61205200D328F3 /* HomeView.swift in Sources */,
				B64D4B422B581F1B0008A904 /* ServicesCell.swift in Sources */,
				B6DF22DF2B7E4671000D8C23 /* PaymentSavedPaymentsCell.swift in Sources */,
				B651F3792B63F2E100084DC7 /* TicketsVC.swift in Sources */,
				B65010E32B838838004579CF /* HomeFinanceServicesCell.swift in Sources */,
				B6F41C0A2B8CA25F0089C5B9 /* LabelPlusButton.swift in Sources */,
				B6A21C662B615BE700D328F3 /* StateServices.swift in Sources */,
				B6A21C682B6161DE00D328F3 /* StateServicesCell.swift in Sources */,
				B62C27072B563AC60013F90A /* TransferVC.swift in Sources */,
				B6BF82BA2B5EB437001B8D1A /* CashFlowHeaderView.swift in Sources */,
				B65542462B67B86F007A9D49 /* TransferView.swift in Sources */,
				B65542482B67C565007A9D49 /* CollectionCell.swift in Sources */,
				B651F3752B63E51900084DC7 /* CashFlowSettingsView.swift in Sources */,
				B69236EB2B63DF3600AA3942 /* PaymeGoalsView.swift in Sources */,
				B6A21C6C2B61724400D328F3 /* CashFlowSettingsVC.swift in Sources */,
				B6A21C6A2B61723300D328F3 /* RemindersVC.swift in Sources */,
				B6A21C512B611BAB00D328F3 /* Color.swift in Sources */,
				B65010ED2B83ABE3004579CF /* BackgroundColor.swift in Sources */,
				B6743D4B2B6A9E8D00925E8E /* ShowAllReceiversVC.swift in Sources */,
				B65010E92B838873004579CF /* HomeLastPaymentsCell.swift in Sources */,
				B6DF22DB2B7B3901000D8C23 /* MyHomeCell.swift in Sources */,
				B6A21C5F2B612F3200D328F3 /* HomePresenter.swift in Sources */,
				B69236EE2B63E08800AA3942 /* RemindersView.swift in Sources */,
				B65010EF2B83B157004579CF /* UIStackView.swift in Sources */,
				B690B0DE2B64486D002195E8 /* SavedPaymentsCell.swift in Sources */,
				B6743D4F2B6AA0F300925E8E /* ShowAllPresenter.swift in Sources */,
				B6FF9D0A2B62E5CD005DF1E7 /* ServicesPresenter.swift in Sources */,
				B65010E72B83885F004579CF /* HomeAdsCell.swift in Sources */,
				B62C270B2B563AED0013F90A /* CashFlowVC.swift in Sources */,
				B6DF22DD2B7B391B000D8C23 /* PaymentsInPlacesCell.swift in Sources */,
				B690B0DC2B644549002195E8 /* PaymentsView.swift in Sources */,
				B651F3772B63F2D700084DC7 /* TicketsView.swift in Sources */,
				B6F41C082B8C9E6B0089C5B9 /* BalanceHeaderCell.swift in Sources */,
				B68B35A92B713112004A9249 /* ExchangeCurrencyView.swift in Sources */,
				B6DF22D82B7B38E8000D8C23 /* PaymentsCell.swift in Sources */,
				B62C27052B563AB40013F90A /* PaymentVC.swift in Sources */,
				B6F8F6DD2B5BD720004977D2 /* CashFlowCell.swift in Sources */,
				B6FF9D0E2B62EC4E005DF1E7 /* CashFlowPresenter.swift in Sources */,
				B6A21C5B2B611FB800D328F3 /* HomeVC.swift in Sources */,
				B65010EB2B83A2E1004579CF /* BalanceHeader.swift in Sources */,
				B62C27012B5639180013F90A /* TABVC.swift in Sources */,
				B690B0E02B644D0A002195E8 /* PaymentsPresenter.swift in Sources */,
				B62C26EB2B562F4E0013F90A /* AppDelegate.swift in Sources */,
				B6A21C622B612F5C00D328F3 /* HomeBalanceReusableView.swift in Sources */,
				B6A21C642B61470C00D328F3 /* CheckVC.swift in Sources */,
				B6FF9D082B62E2DE005DF1E7 /* ServicesView.swift in Sources */,
			);
			runOnlyForDeploymentPostprocessing = 0;
		};
/* End PBXSourcesBuildPhase section */

/* Begin PBXVariantGroup section */
		B62C26F52B562F4F0013F90A /* LaunchScreen.storyboard */ = {
			isa = PBXVariantGroup;
			children = (
				B62C26F62B562F4F0013F90A /* Base */,
			);
			name = LaunchScreen.storyboard;
			sourceTree = "<group>";
		};
/* End PBXVariantGroup section */

/* Begin XCBuildConfiguration section */
		B62C26F92B562F4F0013F90A /* Debug */ = {
			isa = XCBuildConfiguration;
			buildSettings = {
				ALWAYS_SEARCH_USER_PATHS = NO;
				ASSETCATALOG_COMPILER_GENERATE_SWIFT_ASSET_SYMBOL_EXTENSIONS = YES;
				CLANG_ANALYZER_NONNULL = YES;
				CLANG_ANALYZER_NUMBER_OBJECT_CONVERSION = YES_AGGRESSIVE;
				CLANG_CXX_LANGUAGE_STANDARD = "gnu++20";
				CLANG_ENABLE_MODULES = YES;
				CLANG_ENABLE_OBJC_ARC = YES;
				CLANG_ENABLE_OBJC_WEAK = YES;
				CLANG_WARN_BLOCK_CAPTURE_AUTORELEASING = YES;
				CLANG_WARN_BOOL_CONVERSION = YES;
				CLANG_WARN_COMMA = YES;
				CLANG_WARN_CONSTANT_CONVERSION = YES;
				CLANG_WARN_DEPRECATED_OBJC_IMPLEMENTATIONS = YES;
				CLANG_WARN_DIRECT_OBJC_ISA_USAGE = YES_ERROR;
				CLANG_WARN_DOCUMENTATION_COMMENTS = YES;
				CLANG_WARN_EMPTY_BODY = YES;
				CLANG_WARN_ENUM_CONVERSION = YES;
				CLANG_WARN_INFINITE_RECURSION = YES;
				CLANG_WARN_INT_CONVERSION = YES;
				CLANG_WARN_NON_LITERAL_NULL_CONVERSION = YES;
				CLANG_WARN_OBJC_IMPLICIT_RETAIN_SELF = YES;
				CLANG_WARN_OBJC_LITERAL_CONVERSION = YES;
				CLANG_WARN_OBJC_ROOT_CLASS = YES_ERROR;
				CLANG_WARN_QUOTED_INCLUDE_IN_FRAMEWORK_HEADER = YES;
				CLANG_WARN_RANGE_LOOP_ANALYSIS = YES;
				CLANG_WARN_STRICT_PROTOTYPES = YES;
				CLANG_WARN_SUSPICIOUS_MOVE = YES;
				CLANG_WARN_UNGUARDED_AVAILABILITY = YES_AGGRESSIVE;
				CLANG_WARN_UNREACHABLE_CODE = YES;
				CLANG_WARN__DUPLICATE_METHOD_MATCH = YES;
				COPY_PHASE_STRIP = NO;
				DEBUG_INFORMATION_FORMAT = dwarf;
				ENABLE_STRICT_OBJC_MSGSEND = YES;
				ENABLE_TESTABILITY = YES;
				ENABLE_USER_SCRIPT_SANDBOXING = YES;
				GCC_C_LANGUAGE_STANDARD = gnu17;
				GCC_DYNAMIC_NO_PIC = NO;
				GCC_NO_COMMON_BLOCKS = YES;
				GCC_OPTIMIZATION_LEVEL = 0;
				GCC_PREPROCESSOR_DEFINITIONS = (
					"DEBUG=1",
					"$(inherited)",
				);
				GCC_WARN_64_TO_32_BIT_CONVERSION = YES;
				GCC_WARN_ABOUT_RETURN_TYPE = YES_ERROR;
				GCC_WARN_UNDECLARED_SELECTOR = YES;
				GCC_WARN_UNINITIALIZED_AUTOS = YES_AGGRESSIVE;
				GCC_WARN_UNUSED_FUNCTION = YES;
				GCC_WARN_UNUSED_VARIABLE = YES;
				IPHONEOS_DEPLOYMENT_TARGET = 17.2;
				LOCALIZATION_PREFERS_STRING_CATALOGS = YES;
				MTL_ENABLE_DEBUG_INFO = INCLUDE_SOURCE;
				MTL_FAST_MATH = YES;
				ONLY_ACTIVE_ARCH = YES;
				SDKROOT = iphoneos;
				SWIFT_ACTIVE_COMPILATION_CONDITIONS = "DEBUG $(inherited)";
				SWIFT_OPTIMIZATION_LEVEL = "-Onone";
			};
			name = Debug;
		};
		B62C26FA2B562F4F0013F90A /* Release */ = {
			isa = XCBuildConfiguration;
			buildSettings = {
				ALWAYS_SEARCH_USER_PATHS = NO;
				ASSETCATALOG_COMPILER_GENERATE_SWIFT_ASSET_SYMBOL_EXTENSIONS = YES;
				CLANG_ANALYZER_NONNULL = YES;
				CLANG_ANALYZER_NUMBER_OBJECT_CONVERSION = YES_AGGRESSIVE;
				CLANG_CXX_LANGUAGE_STANDARD = "gnu++20";
				CLANG_ENABLE_MODULES = YES;
				CLANG_ENABLE_OBJC_ARC = YES;
				CLANG_ENABLE_OBJC_WEAK = YES;
				CLANG_WARN_BLOCK_CAPTURE_AUTORELEASING = YES;
				CLANG_WARN_BOOL_CONVERSION = YES;
				CLANG_WARN_COMMA = YES;
				CLANG_WARN_CONSTANT_CONVERSION = YES;
				CLANG_WARN_DEPRECATED_OBJC_IMPLEMENTATIONS = YES;
				CLANG_WARN_DIRECT_OBJC_ISA_USAGE = YES_ERROR;
				CLANG_WARN_DOCUMENTATION_COMMENTS = YES;
				CLANG_WARN_EMPTY_BODY = YES;
				CLANG_WARN_ENUM_CONVERSION = YES;
				CLANG_WARN_INFINITE_RECURSION = YES;
				CLANG_WARN_INT_CONVERSION = YES;
				CLANG_WARN_NON_LITERAL_NULL_CONVERSION = YES;
				CLANG_WARN_OBJC_IMPLICIT_RETAIN_SELF = YES;
				CLANG_WARN_OBJC_LITERAL_CONVERSION = YES;
				CLANG_WARN_OBJC_ROOT_CLASS = YES_ERROR;
				CLANG_WARN_QUOTED_INCLUDE_IN_FRAMEWORK_HEADER = YES;
				CLANG_WARN_RANGE_LOOP_ANALYSIS = YES;
				CLANG_WARN_STRICT_PROTOTYPES = YES;
				CLANG_WARN_SUSPICIOUS_MOVE = YES;
				CLANG_WARN_UNGUARDED_AVAILABILITY = YES_AGGRESSIVE;
				CLANG_WARN_UNREACHABLE_CODE = YES;
				CLANG_WARN__DUPLICATE_METHOD_MATCH = YES;
				COPY_PHASE_STRIP = NO;
				DEBUG_INFORMATION_FORMAT = "dwarf-with-dsym";
				ENABLE_NS_ASSERTIONS = NO;
				ENABLE_STRICT_OBJC_MSGSEND = YES;
				ENABLE_USER_SCRIPT_SANDBOXING = YES;
				GCC_C_LANGUAGE_STANDARD = gnu17;
				GCC_NO_COMMON_BLOCKS = YES;
				GCC_WARN_64_TO_32_BIT_CONVERSION = YES;
				GCC_WARN_ABOUT_RETURN_TYPE = YES_ERROR;
				GCC_WARN_UNDECLARED_SELECTOR = YES;
				GCC_WARN_UNINITIALIZED_AUTOS = YES_AGGRESSIVE;
				GCC_WARN_UNUSED_FUNCTION = YES;
				GCC_WARN_UNUSED_VARIABLE = YES;
				IPHONEOS_DEPLOYMENT_TARGET = 17.2;
				LOCALIZATION_PREFERS_STRING_CATALOGS = YES;
				MTL_ENABLE_DEBUG_INFO = NO;
				MTL_FAST_MATH = YES;
				SDKROOT = iphoneos;
				SWIFT_COMPILATION_MODE = wholemodule;
				VALIDATE_PRODUCT = YES;
			};
			name = Release;
		};
		B62C26FC2B562F4F0013F90A /* Debug */ = {
			isa = XCBuildConfiguration;
			buildSettings = {
				ASSETCATALOG_COMPILER_APPICON_NAME = AppIcon;
				ASSETCATALOG_COMPILER_GLOBAL_ACCENT_COLOR_NAME = AccentColor;
				CODE_SIGN_STYLE = Automatic;
				CURRENT_PROJECT_VERSION = 1;
				GENERATE_INFOPLIST_FILE = YES;
				INFOPLIST_FILE = Payme/Info.plist;
				INFOPLIST_KEY_UIApplicationSupportsIndirectInputEvents = YES;
				INFOPLIST_KEY_UILaunchStoryboardName = LaunchScreen.storyboard;
				INFOPLIST_KEY_UIMainStoryboardFile = "";
				INFOPLIST_KEY_UISupportedInterfaceOrientations_iPad = "UIInterfaceOrientationPortrait UIInterfaceOrientationPortraitUpsideDown UIInterfaceOrientationLandscapeLeft UIInterfaceOrientationLandscapeRight";
				INFOPLIST_KEY_UISupportedInterfaceOrientations_iPhone = "UIInterfaceOrientationPortrait UIInterfaceOrientationLandscapeLeft UIInterfaceOrientationLandscapeRight";
				LD_RUNPATH_SEARCH_PATHS = (
					"$(inherited)",
					"@executable_path/Frameworks",
				);
				MARKETING_VERSION = 1.0;
				PRODUCT_BUNDLE_IDENTIFIER = umade.Payme;
				PRODUCT_NAME = "$(TARGET_NAME)";
				SWIFT_EMIT_LOC_STRINGS = YES;
				SWIFT_VERSION = 5.0;
				TARGETED_DEVICE_FAMILY = "1,2";
			};
			name = Debug;
		};
		B62C26FD2B562F4F0013F90A /* Release */ = {
			isa = XCBuildConfiguration;
			buildSettings = {
				ASSETCATALOG_COMPILER_APPICON_NAME = AppIcon;
				ASSETCATALOG_COMPILER_GLOBAL_ACCENT_COLOR_NAME = AccentColor;
				CODE_SIGN_STYLE = Automatic;
				CURRENT_PROJECT_VERSION = 1;
				GENERATE_INFOPLIST_FILE = YES;
				INFOPLIST_FILE = Payme/Info.plist;
				INFOPLIST_KEY_UIApplicationSupportsIndirectInputEvents = YES;
				INFOPLIST_KEY_UILaunchStoryboardName = LaunchScreen.storyboard;
				INFOPLIST_KEY_UIMainStoryboardFile = "";
				INFOPLIST_KEY_UISupportedInterfaceOrientations_iPad = "UIInterfaceOrientationPortrait UIInterfaceOrientationPortraitUpsideDown UIInterfaceOrientationLandscapeLeft UIInterfaceOrientationLandscapeRight";
				INFOPLIST_KEY_UISupportedInterfaceOrientations_iPhone = "UIInterfaceOrientationPortrait UIInterfaceOrientationLandscapeLeft UIInterfaceOrientationLandscapeRight";
				LD_RUNPATH_SEARCH_PATHS = (
					"$(inherited)",
					"@executable_path/Frameworks",
				);
				MARKETING_VERSION = 1.0;
				PRODUCT_BUNDLE_IDENTIFIER = umade.Payme;
				PRODUCT_NAME = "$(TARGET_NAME)";
				SWIFT_EMIT_LOC_STRINGS = YES;
				SWIFT_VERSION = 5.0;
				TARGETED_DEVICE_FAMILY = "1,2";
			};
			name = Release;
		};
/* End XCBuildConfiguration section */

/* Begin XCConfigurationList section */
		B62C26E22B562F4D0013F90A /* Build configuration list for PBXProject "Payme" */ = {
			isa = XCConfigurationList;
			buildConfigurations = (
				B62C26F92B562F4F0013F90A /* Debug */,
				B62C26FA2B562F4F0013F90A /* Release */,
			);
			defaultConfigurationIsVisible = 0;
			defaultConfigurationName = Release;
		};
		B62C26FB2B562F4F0013F90A /* Build configuration list for PBXNativeTarget "Payme" */ = {
			isa = XCConfigurationList;
			buildConfigurations = (
				B62C26FC2B562F4F0013F90A /* Debug */,
				B62C26FD2B562F4F0013F90A /* Release */,
			);
			defaultConfigurationIsVisible = 0;
			defaultConfigurationName = Release;
		};
/* End XCConfigurationList section */
	};
	rootObject = B62C26DF2B562F4D0013F90A /* Project object */;
}
